
Microsoft Visual Studio Solution File, Format Version 12.00
# Visual Studio Version 16
VisualStudioVersion = 16.0.31112.23
MinimumVisualStudioVersion = 10.0.40219.1
Project("{FAE04EC0-301F-11D3-BF4B-00C04F79EFBC}") = "Indexeo_Proyectos_Optimizado", "Indexeo_Proyectos_Optimizado\Indexeo_Proyectos_Optimizado.csproj", "{799D74C6-3001-4F69-B21E-33D16D516D48}"
EndProject
Project("{54435603-DBB4-11D2-8724-00A0C9A8B90C}") = "Servicio Radiografia", "Servicio Radiografia\Servicio Radiografia.vdproj", "{F80F09A5-C290-42D9-AC37-F89F0D698981}"
EndProject
Global
	GlobalSection(SolutionConfigurationPlatforms) = preSolution
		Debug|Any CPU = Debug|Any CPU
		Release|Any CPU = Release|Any CPU
	EndGlobalSection
	GlobalSection(ProjectConfigurationPlatforms) = postSolution
		{799D74C6-3001-4F69-B21E-33D16D516D48}.Debug|Any CPU.ActiveCfg = Debug|Any CPU
		{799D74C6-3001-4F69-B21E-33D16D516D48}.Debug|Any CPU.Build.0 = Debug|Any CPU
		{799D74C6-3001-4F69-B21E-33D16D516D48}.Release|Any CPU.ActiveCfg = Release|Any CPU
		{799D74C6-3001-4F69-B21E-33D16D516D48}.Release|Any CPU.Build.0 = Release|Any CPU
		{F80F09A5-C290-42D9-AC37-F89F0D698981}.Debug|Any CPU.ActiveCfg = Debug
		{F80F09A5-C290-42D9-AC37-F89F0D698981}.Release|Any CPU.ActiveCfg = Release
	EndGlobalSection
	GlobalSection(SolutionProperties) = preSolution
		HideSolutionNode = FALSE
	EndGlobalSection
	GlobalSection(ExtensibilityGlobals) = postSolution
		SolutionGuid = {C48165D3-DDD5-41B1-8487-06B9A90DDBD7}
	EndGlobalSection
EndGlobal
